
Microsoft Visual Studio Solution File, Format Version 12.00
# Visual Studio 14
VisualStudioVersion = 14.0.25420.1
MinimumVisualStudioVersion = 10.0.40219.1
Project("{FAE04EC0-301F-11D3-BF4B-00C04F79EFBC}") = "SafetyFirst.Android", "SafetyFirst\SafetyFirst.Android\SafetyFirst.Android.csproj", "{BF45ED09-AB67-4727-8803-C920260A6FDF}"
EndProject
Project("{FAE04EC0-301F-11D3-BF4B-00C04F79EFBC}") = "SafetyFirst", "SafetyFirst\SafetyFirst\SafetyFirst.csproj", "{29670283-F133-4F71-B83F-4BC66C633C19}"
EndProject
Project("{FAE04EC0-301F-11D3-BF4B-00C04F79EFBC}") = "SafetyFirst.UWP", "SafetyFirst\SafetyFirst.UWP\SafetyFirst.UWP.csproj", "{73E74AD8-6EBE-4155-B421-968C5D2BAA01}"
EndProject
Project("{FAE04EC0-301F-11D3-BF4B-00C04F79EFBC}") = "SafetyFirst.iOS", "SafetyFirst\SafetyFirst.iOS\SafetyFirst.iOS.csproj", "{F2308E49-8DC2-4461-AA7E-EBC201F4AF24}"
EndProject
Global
	GlobalSection(SolutionConfigurationPlatforms) = preSolution
		Ad-Hoc|Any CPU = Ad-Hoc|Any CPU
		Ad-Hoc|ARM = Ad-Hoc|ARM
		Ad-Hoc|iPhone = Ad-Hoc|iPhone
		Ad-Hoc|iPhoneSimulator = Ad-Hoc|iPhoneSimulator
		Ad-Hoc|x64 = Ad-Hoc|x64
		Ad-Hoc|x86 = Ad-Hoc|x86
		AppStore|Any CPU = AppStore|Any CPU
		AppStore|ARM = AppStore|ARM
		AppStore|iPhone = AppStore|iPhone
		AppStore|iPhoneSimulator = AppStore|iPhoneSimulator
		AppStore|x64 = AppStore|x64
		AppStore|x86 = AppStore|x86
		Debug|Any CPU = Debug|Any CPU
		Debug|ARM = Debug|ARM
		Debug|iPhone = Debug|iPhone
		Debug|iPhoneSimulator = Debug|iPhoneSimulator
		Debug|x64 = Debug|x64
		Debug|x86 = Debug|x86
		Release|Any CPU = Release|Any CPU
		Release|ARM = Release|ARM
		Release|iPhone = Release|iPhone
		Release|iPhoneSimulator = Release|iPhoneSimulator
		Release|x64 = Release|x64
		Release|x86 = Release|x86
	EndGlobalSection
	GlobalSection(ProjectConfigurationPlatforms) = postSolution
		{BF45ED09-AB67-4727-8803-C920260A6FDF}.Ad-Hoc|Any CPU.ActiveCfg = Release|Any CPU
		{BF45ED09-AB67-4727-8803-C920260A6FDF}.Ad-Hoc|Any CPU.Build.0 = Release|Any CPU
		{BF45ED09-AB67-4727-8803-C920260A6FDF}.Ad-Hoc|Any CPU.Deploy.0 = Release|Any CPU
		{BF45ED09-AB67-4727-8803-C920260A6FDF}.Ad-Hoc|ARM.ActiveCfg = Release|Any CPU
		{BF45ED09-AB67-4727-8803-C920260A6FDF}.Ad-Hoc|ARM.Build.0 = Release|Any CPU
		{BF45ED09-AB67-4727-8803-C920260A6FDF}.Ad-Hoc|ARM.Deploy.0 = Release|Any CPU
		{BF45ED09-AB67-4727-8803-C920260A6FDF}.Ad-Hoc|iPhone.ActiveCfg = Release|Any CPU
		{BF45ED09-AB67-4727-8803-C920260A6FDF}.Ad-Hoc|iPhone.Build.0 = Release|Any CPU
		{BF45ED09-AB67-4727-8803-C920260A6FDF}.Ad-Hoc|iPhone.Deploy.0 = Release|Any CPU
		{BF45ED09-AB67-4727-8803-C920260A6FDF}.Ad-Hoc|iPhoneSimulator.ActiveCfg = Release|Any CPU
		{BF45ED09-AB67-4727-8803-C920260A6FDF}.Ad-Hoc|iPhoneSimulator.Build.0 = Release|Any CPU
		{BF45ED09-AB67-4727-8803-C920260A6FDF}.Ad-Hoc|iPhoneSimulator.Deploy.0 = Release|Any CPU
		{BF45ED09-AB67-4727-8803-C920260A6FDF}.Ad-Hoc|x64.ActiveCfg = Release|Any CPU
		{BF45ED09-AB67-4727-8803-C920260A6FDF}.Ad-Hoc|x64.Build.0 = Release|Any CPU
		{BF45ED09-AB67-4727-8803-C920260A6FDF}.Ad-Hoc|x64.Deploy.0 = Release|Any CPU
		{BF45ED09-AB67-4727-8803-C920260A6FDF}.Ad-Hoc|x86.ActiveCfg = Release|Any CPU
		{BF45ED09-AB67-4727-8803-C920260A6FDF}.Ad-Hoc|x86.Build.0 = Release|Any CPU
		{BF45ED09-AB67-4727-8803-C920260A6FDF}.Ad-Hoc|x86.Deploy.0 = Release|Any CPU
		{BF45ED09-AB67-4727-8803-C920260A6FDF}.AppStore|Any CPU.ActiveCfg = Release|Any CPU
		{BF45ED09-AB67-4727-8803-C920260A6FDF}.AppStore|Any CPU.Build.0 = Release|Any CPU
		{BF45ED09-AB67-4727-8803-C920260A6FDF}.AppStore|Any CPU.Deploy.0 = Release|Any CPU
		{BF45ED09-AB67-4727-8803-C920260A6FDF}.AppStore|ARM.ActiveCfg = Release|Any CPU
		{BF45ED09-AB67-4727-8803-C920260A6FDF}.AppStore|ARM.Build.0 = Release|Any CPU
		{BF45ED09-AB67-4727-8803-C920260A6FDF}.AppStore|ARM.Deploy.0 = Release|Any CPU
		{BF45ED09-AB67-4727-8803-C920260A6FDF}.AppStore|iPhone.ActiveCfg = Release|Any CPU
		{BF45ED09-AB67-4727-8803-C920260A6FDF}.AppStore|iPhone.Build.0 = Release|Any CPU
		{BF45ED09-AB67-4727-8803-C920260A6FDF}.AppStore|iPhone.Deploy.0 = Release|Any CPU
		{BF45ED09-AB67-4727-8803-C920260A6FDF}.AppStore|iPhoneSimulator.ActiveCfg = Release|Any CPU
		{BF45ED09-AB67-4727-8803-C920260A6FDF}.AppStore|iPhoneSimulator.Build.0 = Release|Any CPU
		{BF45ED09-AB67-4727-8803-C920260A6FDF}.AppStore|iPhoneSimulator.Deploy.0 = Release|Any CPU
		{BF45ED09-AB67-4727-8803-C920260A6FDF}.AppStore|x64.ActiveCfg = Release|Any CPU
		{BF45ED09-AB67-4727-8803-C920260A6FDF}.AppStore|x64.Build.0 = Release|Any CPU
		{BF45ED09-AB67-4727-8803-C920260A6FDF}.AppStore|x64.Deploy.0 = Release|Any CPU
		{BF45ED09-AB67-4727-8803-C920260A6FDF}.AppStore|x86.ActiveCfg = Release|Any CPU
		{BF45ED09-AB67-4727-8803-C920260A6FDF}.AppStore|x86.Build.0 = Release|Any CPU
		{BF45ED09-AB67-4727-8803-C920260A6FDF}.AppStore|x86.Deploy.0 = Release|Any CPU
		{BF45ED09-AB67-4727-8803-C920260A6FDF}.Debug|Any CPU.ActiveCfg = Debug|Any CPU
		{BF45ED09-AB67-4727-8803-C920260A6FDF}.Debug|Any CPU.Build.0 = Debug|Any CPU
		{BF45ED09-AB67-4727-8803-C920260A6FDF}.Debug|Any CPU.Deploy.0 = Debug|Any CPU
		{BF45ED09-AB67-4727-8803-C920260A6FDF}.Debug|ARM.ActiveCfg = Debug|Any CPU
		{BF45ED09-AB67-4727-8803-C920260A6FDF}.Debug|ARM.Build.0 = Debug|Any CPU
		{BF45ED09-AB67-4727-8803-C920260A6FDF}.Debug|ARM.Deploy.0 = Debug|Any CPU
		{BF45ED09-AB67-4727-8803-C920260A6FDF}.Debug|iPhone.ActiveCfg = Debug|Any CPU
		{BF45ED09-AB67-4727-8803-C920260A6FDF}.Debug|iPhone.Build.0 = Debug|Any CPU
		{BF45ED09-AB67-4727-8803-C920260A6FDF}.Debug|iPhone.Deploy.0 = Debug|Any CPU
		{BF45ED09-AB67-4727-8803-C920260A6FDF}.Debug|iPhoneSimulator.ActiveCfg = Debug|Any CPU
		{BF45ED09-AB67-4727-8803-C920260A6FDF}.Debug|iPhoneSimulator.Build.0 = Debug|Any CPU
		{BF45ED09-AB67-4727-8803-C920260A6FDF}.Debug|iPhoneSimulator.Deploy.0 = Debug|Any CPU
		{BF45ED09-AB67-4727-8803-C920260A6FDF}.Debug|x64.ActiveCfg = Debug|Any CPU
		{BF45ED09-AB67-4727-8803-C920260A6FDF}.Debug|x64.Build.0 = Debug|Any CPU
		{BF45ED09-AB67-4727-8803-C920260A6FDF}.Debug|x64.Deploy.0 = Debug|Any CPU
		{BF45ED09-AB67-4727-8803-C920260A6FDF}.Debug|x86.ActiveCfg = Debug|Any CPU
		{BF45ED09-AB67-4727-8803-C920260A6FDF}.Debug|x86.Build.0 = Debug|Any CPU
		{BF45ED09-AB67-4727-8803-C920260A6FDF}.Debug|x86.Deploy.0 = Debug|Any CPU
		{BF45ED09-AB67-4727-8803-C920260A6FDF}.Release|Any CPU.ActiveCfg = Release|Any CPU
		{BF45ED09-AB67-4727-8803-C920260A6FDF}.Release|Any CPU.Build.0 = Release|Any CPU
		{BF45ED09-AB67-4727-8803-C920260A6FDF}.Release|Any CPU.Deploy.0 = Release|Any CPU
		{BF45ED09-AB67-4727-8803-C920260A6FDF}.Release|ARM.ActiveCfg = Release|Any CPU
		{BF45ED09-AB67-4727-8803-C920260A6FDF}.Release|ARM.Build.0 = Release|Any CPU
		{BF45ED09-AB67-4727-8803-C920260A6FDF}.Release|ARM.Deploy.0 = Release|Any CPU
		{BF45ED09-AB67-4727-8803-C920260A6FDF}.Release|iPhone.ActiveCfg = Release|Any CPU
		{BF45ED09-AB67-4727-8803-C920260A6FDF}.Release|iPhone.Build.0 = Release|Any CPU
		{BF45ED09-AB67-4727-8803-C920260A6FDF}.Release|iPhone.Deploy.0 = Release|Any CPU
		{BF45ED09-AB67-4727-8803-C920260A6FDF}.Release|iPhoneSimulator.ActiveCfg = Release|Any CPU
		{BF45ED09-AB67-4727-8803-C920260A6FDF}.Release|iPhoneSimulator.Build.0 = Release|Any CPU
		{BF45ED09-AB67-4727-8803-C920260A6FDF}.Release|iPhoneSimulator.Deploy.0 = Release|Any CPU
		{BF45ED09-AB67-4727-8803-C920260A6FDF}.Release|x64.ActiveCfg = Release|Any CPU
		{BF45ED09-AB67-4727-8803-C920260A6FDF}.Release|x64.Build.0 = Release|Any CPU
		{BF45ED09-AB67-4727-8803-C920260A6FDF}.Release|x64.Deploy.0 = Release|Any CPU
		{BF45ED09-AB67-4727-8803-C920260A6FDF}.Release|x86.ActiveCfg = Release|Any CPU
		{BF45ED09-AB67-4727-8803-C920260A6FDF}.Release|x86.Build.0 = Release|Any CPU
		{BF45ED09-AB67-4727-8803-C920260A6FDF}.Release|x86.Deploy.0 = Release|Any CPU
		{29670283-F133-4F71-B83F-4BC66C633C19}.Ad-Hoc|Any CPU.ActiveCfg = Release|Any CPU
		{29670283-F133-4F71-B83F-4BC66C633C19}.Ad-Hoc|Any CPU.Build.0 = Release|Any CPU
		{29670283-F133-4F71-B83F-4BC66C633C19}.Ad-Hoc|ARM.ActiveCfg = Release|Any CPU
		{29670283-F133-4F71-B83F-4BC66C633C19}.Ad-Hoc|ARM.Build.0 = Release|Any CPU
		{29670283-F133-4F71-B83F-4BC66C633C19}.Ad-Hoc|iPhone.ActiveCfg = Release|Any CPU
		{29670283-F133-4F71-B83F-4BC66C633C19}.Ad-Hoc|iPhone.Build.0 = Release|Any CPU
		{29670283-F133-4F71-B83F-4BC66C633C19}.Ad-Hoc|iPhoneSimulator.ActiveCfg = Release|Any CPU
		{29670283-F133-4F71-B83F-4BC66C633C19}.Ad-Hoc|iPhoneSimulator.Build.0 = Release|Any CPU
		{29670283-F133-4F71-B83F-4BC66C633C19}.Ad-Hoc|x64.ActiveCfg = Release|Any CPU
		{29670283-F133-4F71-B83F-4BC66C633C19}.Ad-Hoc|x64.Build.0 = Release|Any CPU
		{29670283-F133-4F71-B83F-4BC66C633C19}.Ad-Hoc|x86.ActiveCfg = Release|Any CPU
		{29670283-F133-4F71-B83F-4BC66C633C19}.Ad-Hoc|x86.Build.0 = Release|Any CPU
		{29670283-F133-4F71-B83F-4BC66C633C19}.AppStore|Any CPU.ActiveCfg = Release|Any CPU
		{29670283-F133-4F71-B83F-4BC66C633C19}.AppStore|Any CPU.Build.0 = Release|Any CPU
		{29670283-F133-4F71-B83F-4BC66C633C19}.AppStore|ARM.ActiveCfg = Release|Any CPU
		{29670283-F133-4F71-B83F-4BC66C633C19}.AppStore|ARM.Build.0 = Release|Any CPU
		{29670283-F133-4F71-B83F-4BC66C633C19}.AppStore|iPhone.ActiveCfg = Release|Any CPU
		{29670283-F133-4F71-B83F-4BC66C633C19}.AppStore|iPhone.Build.0 = Release|Any CPU
		{29670283-F133-4F71-B83F-4BC66C633C19}.AppStore|iPhoneSimulator.ActiveCfg = Release|Any CPU
		{29670283-F133-4F71-B83F-4BC66C633C19}.AppStore|iPhoneSimulator.Build.0 = Release|Any CPU
		{29670283-F133-4F71-B83F-4BC66C633C19}.AppStore|x64.ActiveCfg = Release|Any CPU
		{29670283-F133-4F71-B83F-4BC66C633C19}.AppStore|x64.Build.0 = Release|Any CPU
		{29670283-F133-4F71-B83F-4BC66C633C19}.AppStore|x86.ActiveCfg = Release|Any CPU
		{29670283-F133-4F71-B83F-4BC66C633C19}.AppStore|x86.Build.0 = Release|Any CPU
		{29670283-F133-4F71-B83F-4BC66C633C19}.Debug|Any CPU.ActiveCfg = Debug|Any CPU
		{29670283-F133-4F71-B83F-4BC66C633C19}.Debug|Any CPU.Build.0 = Debug|Any CPU
		{29670283-F133-4F71-B83F-4BC66C633C19}.Debug|ARM.ActiveCfg = Debug|Any CPU
		{29670283-F133-4F71-B83F-4BC66C633C19}.Debug|ARM.Build.0 = Debug|Any CPU
		{29670283-F133-4F71-B83F-4BC66C633C19}.Debug|iPhone.ActiveCfg = Debug|Any CPU
		{29670283-F133-4F71-B83F-4BC66C633C19}.Debug|iPhone.Build.0 = Debug|Any CPU
		{29670283-F133-4F71-B83F-4BC66C633C19}.Debug|iPhoneSimulator.ActiveCfg = Debug|Any CPU
		{29670283-F133-4F71-B83F-4BC66C633C19}.Debug|iPhoneSimulator.Build.0 = Debug|Any CPU
		{29670283-F133-4F71-B83F-4BC66C633C19}.Debug|x64.ActiveCfg = Debug|Any CPU
		{29670283-F133-4F71-B83F-4BC66C633C19}.Debug|x64.Build.0 = Debug|Any CPU
		{29670283-F133-4F71-B83F-4BC66C633C19}.Debug|x86.ActiveCfg = Debug|Any CPU
		{29670283-F133-4F71-B83F-4BC66C633C19}.Debug|x86.Build.0 = Debug|Any CPU
		{29670283-F133-4F71-B83F-4BC66C633C19}.Release|Any CPU.ActiveCfg = Release|Any CPU
		{29670283-F133-4F71-B83F-4BC66C633C19}.Release|Any CPU.Build.0 = Release|Any CPU
		{29670283-F133-4F71-B83F-4BC66C633C19}.Release|ARM.ActiveCfg = Release|Any CPU
		{29670283-F133-4F71-B83F-4BC66C633C19}.Release|ARM.Build.0 = Release|Any CPU
		{29670283-F133-4F71-B83F-4BC66C633C19}.Release|iPhone.ActiveCfg = Release|Any CPU
		{29670283-F133-4F71-B83F-4BC66C633C19}.Release|iPhone.Build.0 = Release|Any CPU
		{29670283-F133-4F71-B83F-4BC66C633C19}.Release|iPhoneSimulator.ActiveCfg = Release|Any CPU
		{29670283-F133-4F71-B83F-4BC66C633C19}.Release|iPhoneSimulator.Build.0 = Release|Any CPU
		{29670283-F133-4F71-B83F-4BC66C633C19}.Release|x64.ActiveCfg = Release|Any CPU
		{29670283-F133-4F71-B83F-4BC66C633C19}.Release|x64.Build.0 = Release|Any CPU
		{29670283-F133-4F71-B83F-4BC66C633C19}.Release|x86.ActiveCfg = Release|Any CPU
		{29670283-F133-4F71-B83F-4BC66C633C19}.Release|x86.Build.0 = Release|Any CPU
		{73E74AD8-6EBE-4155-B421-968C5D2BAA01}.Ad-Hoc|Any CPU.ActiveCfg = Release|x86
		{73E74AD8-6EBE-4155-B421-968C5D2BAA01}.Ad-Hoc|Any CPU.Build.0 = Release|x86
		{73E74AD8-6EBE-4155-B421-968C5D2BAA01}.Ad-Hoc|Any CPU.Deploy.0 = Release|x86
		{73E74AD8-6EBE-4155-B421-968C5D2BAA01}.Ad-Hoc|ARM.ActiveCfg = Release|ARM
		{73E74AD8-6EBE-4155-B421-968C5D2BAA01}.Ad-Hoc|ARM.Build.0 = Release|ARM
		{73E74AD8-6EBE-4155-B421-968C5D2BAA01}.Ad-Hoc|ARM.Deploy.0 = Release|ARM
		{73E74AD8-6EBE-4155-B421-968C5D2BAA01}.Ad-Hoc|iPhone.ActiveCfg = Release|x86
		{73E74AD8-6EBE-4155-B421-968C5D2BAA01}.Ad-Hoc|iPhone.Build.0 = Release|x86
		{73E74AD8-6EBE-4155-B421-968C5D2BAA01}.Ad-Hoc|iPhone.Deploy.0 = Release|x86
		{73E74AD8-6EBE-4155-B421-968C5D2BAA01}.Ad-Hoc|iPhoneSimulator.ActiveCfg = Release|x86
		{73E74AD8-6EBE-4155-B421-968C5D2BAA01}.Ad-Hoc|iPhoneSimulator.Build.0 = Release|x86
		{73E74AD8-6EBE-4155-B421-968C5D2BAA01}.Ad-Hoc|iPhoneSimulator.Deploy.0 = Release|x86
		{73E74AD8-6EBE-4155-B421-968C5D2BAA01}.Ad-Hoc|x64.ActiveCfg = Release|x64
		{73E74AD8-6EBE-4155-B421-968C5D2BAA01}.Ad-Hoc|x64.Build.0 = Release|x64
		{73E74AD8-6EBE-4155-B421-968C5D2BAA01}.Ad-Hoc|x64.Deploy.0 = Release|x64
		{73E74AD8-6EBE-4155-B421-968C5D2BAA01}.Ad-Hoc|x86.ActiveCfg = Release|x86
		{73E74AD8-6EBE-4155-B421-968C5D2BAA01}.Ad-Hoc|x86.Build.0 = Release|x86
		{73E74AD8-6EBE-4155-B421-968C5D2BAA01}.Ad-Hoc|x86.Deploy.0 = Release|x86
		{73E74AD8-6EBE-4155-B421-968C5D2BAA01}.AppStore|Any CPU.ActiveCfg = Release|x86
		{73E74AD8-6EBE-4155-B421-968C5D2BAA01}.AppStore|Any CPU.Build.0 = Release|x86
		{73E74AD8-6EBE-4155-B421-968C5D2BAA01}.AppStore|Any CPU.Deploy.0 = Release|x86
		{73E74AD8-6EBE-4155-B421-968C5D2BAA01}.AppStore|ARM.ActiveCfg = Release|ARM
		{73E74AD8-6EBE-4155-B421-968C5D2BAA01}.AppStore|ARM.Build.0 = Release|ARM
		{73E74AD8-6EBE-4155-B421-968C5D2BAA01}.AppStore|ARM.Deploy.0 = Release|ARM
		{73E74AD8-6EBE-4155-B421-968C5D2BAA01}.AppStore|iPhone.ActiveCfg = Release|x86
		{73E74AD8-6EBE-4155-B421-968C5D2BAA01}.AppStore|iPhone.Build.0 = Release|x86
		{73E74AD8-6EBE-4155-B421-968C5D2BAA01}.AppStore|iPhone.Deploy.0 = Release|x86
		{73E74AD8-6EBE-4155-B421-968C5D2BAA01}.AppStore|iPhoneSimulator.ActiveCfg = Release|x86
		{73E74AD8-6EBE-4155-B421-968C5D2BAA01}.AppStore|iPhoneSimulator.Build.0 = Release|x86
		{73E74AD8-6EBE-4155-B421-968C5D2BAA01}.AppStore|iPhoneSimulator.Deploy.0 = Release|x86
		{73E74AD8-6EBE-4155-B421-968C5D2BAA01}.AppStore|x64.ActiveCfg = Release|x64
		{73E74AD8-6EBE-4155-B421-968C5D2BAA01}.AppStore|x64.Build.0 = Release|x64
		{73E74AD8-6EBE-4155-B421-968C5D2BAA01}.AppStore|x64.Deploy.0 = Release|x64
		{73E74AD8-6EBE-4155-B421-968C5D2BAA01}.AppStore|x86.ActiveCfg = Release|x86
		{73E74AD8-6EBE-4155-B421-968C5D2BAA01}.AppStore|x86.Build.0 = Release|x86
		{73E74AD8-6EBE-4155-B421-968C5D2BAA01}.AppStore|x86.Deploy.0 = Release|x86
		{73E74AD8-6EBE-4155-B421-968C5D2BAA01}.Debug|Any CPU.ActiveCfg = Debug|x86
		{73E74AD8-6EBE-4155-B421-968C5D2BAA01}.Debug|ARM.ActiveCfg = Debug|ARM
		{73E74AD8-6EBE-4155-B421-968C5D2BAA01}.Debug|ARM.Build.0 = Debug|ARM
		{73E74AD8-6EBE-4155-B421-968C5D2BAA01}.Debug|ARM.Deploy.0 = Debug|ARM
		{73E74AD8-6EBE-4155-B421-968C5D2BAA01}.Debug|iPhone.ActiveCfg = Debug|x86
		{73E74AD8-6EBE-4155-B421-968C5D2BAA01}.Debug|iPhoneSimulator.ActiveCfg = Debug|x86
		{73E74AD8-6EBE-4155-B421-968C5D2BAA01}.Debug|x64.ActiveCfg = Debug|x64
		{73E74AD8-6EBE-4155-B421-968C5D2BAA01}.Debug|x64.Build.0 = Debug|x64
		{73E74AD8-6EBE-4155-B421-968C5D2BAA01}.Debug|x64.Deploy.0 = Debug|x64
		{73E74AD8-6EBE-4155-B421-968C5D2BAA01}.Debug|x86.ActiveCfg = Debug|x86
		{73E74AD8-6EBE-4155-B421-968C5D2BAA01}.Debug|x86.Build.0 = Debug|x86
		{73E74AD8-6EBE-4155-B421-968C5D2BAA01}.Debug|x86.Deploy.0 = Debug|x86
		{73E74AD8-6EBE-4155-B421-968C5D2BAA01}.Release|Any CPU.ActiveCfg = Release|x86
		{73E74AD8-6EBE-4155-B421-968C5D2BAA01}.Release|ARM.ActiveCfg = Release|ARM
		{73E74AD8-6EBE-4155-B421-968C5D2BAA01}.Release|ARM.Build.0 = Release|ARM
		{73E74AD8-6EBE-4155-B421-968C5D2BAA01}.Release|ARM.Deploy.0 = Release|ARM
		{73E74AD8-6EBE-4155-B421-968C5D2BAA01}.Release|iPhone.ActiveCfg = Release|x86
		{73E74AD8-6EBE-4155-B421-968C5D2BAA01}.Release|iPhoneSimulator.ActiveCfg = Release|x86
		{73E74AD8-6EBE-4155-B421-968C5D2BAA01}.Release|x64.ActiveCfg = Release|x64
		{73E74AD8-6EBE-4155-B421-968C5D2BAA01}.Release|x64.Build.0 = Release|x64
		{73E74AD8-6EBE-4155-B421-968C5D2BAA01}.Release|x64.Deploy.0 = Release|x64
		{73E74AD8-6EBE-4155-B421-968C5D2BAA01}.Release|x86.ActiveCfg = Release|x86
		{73E74AD8-6EBE-4155-B421-968C5D2BAA01}.Release|x86.Build.0 = Release|x86
		{73E74AD8-6EBE-4155-B421-968C5D2BAA01}.Release|x86.Deploy.0 = Release|x86
		{F2308E49-8DC2-4461-AA7E-EBC201F4AF24}.Ad-Hoc|Any CPU.ActiveCfg = Ad-Hoc|iPhone
		{F2308E49-8DC2-4461-AA7E-EBC201F4AF24}.Ad-Hoc|ARM.ActiveCfg = Ad-Hoc|iPhone
		{F2308E49-8DC2-4461-AA7E-EBC201F4AF24}.Ad-Hoc|iPhone.ActiveCfg = Ad-Hoc|iPhone
		{F2308E49-8DC2-4461-AA7E-EBC201F4AF24}.Ad-Hoc|iPhone.Build.0 = Ad-Hoc|iPhone
		{F2308E49-8DC2-4461-AA7E-EBC201F4AF24}.Ad-Hoc|iPhoneSimulator.ActiveCfg = Ad-Hoc|iPhoneSimulator
		{F2308E49-8DC2-4461-AA7E-EBC201F4AF24}.Ad-Hoc|iPhoneSimulator.Build.0 = Ad-Hoc|iPhoneSimulator
		{F2308E49-8DC2-4461-AA7E-EBC201F4AF24}.Ad-Hoc|x64.ActiveCfg = Ad-Hoc|iPhone
		{F2308E49-8DC2-4461-AA7E-EBC201F4AF24}.Ad-Hoc|x86.ActiveCfg = Ad-Hoc|iPhone
		{F2308E49-8DC2-4461-AA7E-EBC201F4AF24}.AppStore|Any CPU.ActiveCfg = AppStore|iPhone
		{F2308E49-8DC2-4461-AA7E-EBC201F4AF24}.AppStore|ARM.ActiveCfg = AppStore|iPhone
		{F2308E49-8DC2-4461-AA7E-EBC201F4AF24}.AppStore|iPhone.ActiveCfg = AppStore|iPhone
		{F2308E49-8DC2-4461-AA7E-EBC201F4AF24}.AppStore|iPhone.Build.0 = AppStore|iPhone
		{F2308E49-8DC2-4461-AA7E-EBC201F4AF24}.AppStore|iPhoneSimulator.ActiveCfg = AppStore|iPhoneSimulator
		{F2308E49-8DC2-4461-AA7E-EBC201F4AF24}.AppStore|iPhoneSimulator.Build.0 = AppStore|iPhoneSimulator
		{F2308E49-8DC2-4461-AA7E-EBC201F4AF24}.AppStore|x64.ActiveCfg = AppStore|iPhone
		{F2308E49-8DC2-4461-AA7E-EBC201F4AF24}.AppStore|x86.ActiveCfg = AppStore|iPhone
		{F2308E49-8DC2-4461-AA7E-EBC201F4AF24}.Debug|Any CPU.ActiveCfg = Debug|iPhone
		{F2308E49-8DC2-4461-AA7E-EBC201F4AF24}.Debug|ARM.ActiveCfg = Debug|iPhone
		{F2308E49-8DC2-4461-AA7E-EBC201F4AF24}.Debug|iPhone.ActiveCfg = Debug|iPhone
		{F2308E49-8DC2-4461-AA7E-EBC201F4AF24}.Debug|iPhone.Build.0 = Debug|iPhone
		{F2308E49-8DC2-4461-AA7E-EBC201F4AF24}.Debug|iPhoneSimulator.ActiveCfg = Debug|iPhoneSimulator
		{F2308E49-8DC2-4461-AA7E-EBC201F4AF24}.Debug|iPhoneSimulator.Build.0 = Debug|iPhoneSimulator
		{F2308E49-8DC2-4461-AA7E-EBC201F4AF24}.Debug|x64.ActiveCfg = Debug|iPhone
		{F2308E49-8DC2-4461-AA7E-EBC201F4AF24}.Debug|x86.ActiveCfg = Debug|iPhone
		{F2308E49-8DC2-4461-AA7E-EBC201F4AF24}.Release|Any CPU.ActiveCfg = Release|iPhone
		{F2308E49-8DC2-4461-AA7E-EBC201F4AF24}.Release|ARM.ActiveCfg = Release|iPhone
		{F2308E49-8DC2-4461-AA7E-EBC201F4AF24}.Release|iPhone.ActiveCfg = Release|iPhone
		{F2308E49-8DC2-4461-AA7E-EBC201F4AF24}.Release|iPhone.Build.0 = Release|iPhone
		{F2308E49-8DC2-4461-AA7E-EBC201F4AF24}.Release|iPhoneSimulator.ActiveCfg = Release|iPhoneSimulator
		{F2308E49-8DC2-4461-AA7E-EBC201F4AF24}.Release|iPhoneSimulator.Build.0 = Release|iPhoneSimulator
		{F2308E49-8DC2-4461-AA7E-EBC201F4AF24}.Release|x64.ActiveCfg = Release|iPhone
		{F2308E49-8DC2-4461-AA7E-EBC201F4AF24}.Release|x86.ActiveCfg = Release|iPhone
	EndGlobalSection
	GlobalSection(SolutionProperties) = preSolution
		HideSolutionNode = FALSE
	EndGlobalSection
EndGlobal
